// !$*UTF8*$!
{
	archiveVersion = 1;
	classes = {
	};
	objectVersion = 55;
	objects = {

/* Begin PBXBuildFile section */
		2A374018280285510022A80B /* fnbMenu.swift in Sources */ = {isa = PBXBuildFile; fileRef = 2A374017280285510022A80B /* fnbMenu.swift */; };
		2A37401A28029DA60022A80B /* Cart.swift in Sources */ = {isa = PBXBuildFile; fileRef = 2A37401928029DA60022A80B /* Cart.swift */; };
		2A37401C2802A1A90022A80B /* orderCart.swift in Sources */ = {isa = PBXBuildFile; fileRef = 2A37401B2802A1A90022A80B /* orderCart.swift */; };
		2A62062327E95C7100AD2046 /* main.swift in Sources */ = {isa = PBXBuildFile; fileRef = 2A62062227E95C7100AD2046 /* main.swift */; };
/* End PBXBuildFile section */

/* Begin PBXCopyFilesBuildPhase section */
		2A62061D27E95C7100AD2046 /* CopyFiles */ = {
			isa = PBXCopyFilesBuildPhase;
			buildActionMask = 2147483647;
			dstPath = /usr/share/man/man1/;
			dstSubfolderSpec = 0;
			files = (
			);
			runOnlyForDeploymentPostprocessing = 1;
		};
/* End PBXCopyFilesBuildPhase section */

/* Begin PBXFileReference section */
		2A374017280285510022A80B /* fnbMenu.swift */ = {isa = PBXFileReference; lastKnownFileType = sourcecode.swift; path = fnbMenu.swift; sourceTree = "<group>"; };
		2A37401928029DA60022A80B /* Cart.swift */ = {isa = PBXFileReference; lastKnownFileType = sourcecode.swift; path = Cart.swift; sourceTree = "<group>"; };
		2A37401B2802A1A90022A80B /* orderCart.swift */ = {isa = PBXFileReference; lastKnownFileType = sourcecode.swift; path = orderCart.swift; sourceTree = "<group>"; };
		2A62061F27E95C7100AD2046 /* AFL 2 Mahadi Rafi Winata */ = {isa = PBXFileReference; explicitFileType = "compiled.mach-o.executable"; includeInIndex = 0; path = "AFL 2 Mahadi Rafi Winata"; sourceTree = BUILT_PRODUCTS_DIR; };
		2A62062227E95C7100AD2046 /* main.swift */ = {isa = PBXFileReference; lastKnownFileType = sourcecode.swift; path = main.swift; sourceTree = "<group>"; };
/* End PBXFileReference section */

/* Begin PBXFrameworksBuildPhase section */
		2A62061C27E95C7100AD2046 /* Frameworks */ = {
			isa = PBXFrameworksBuildPhase;
			buildActionMask = 2147483647;
			files = (
			);
			runOnlyForDeploymentPostprocessing = 0;
		};
/* End PBXFrameworksBuildPhase section */

/* Begin PBXGroup section */
		2A62061627E95C7100AD2046 = {
			isa = PBXGroup;
			children = (
				2A62062127E95C7100AD2046 /* AFL 2 Mahadi Rafi Winata */,
				2A62062027E95C7100AD2046 /* Products */,
			);
			sourceTree = "<group>";
		};
		2A62062027E95C7100AD2046 /* Products */ = {
			isa = PBXGroup;
			children = (
				2A62061F27E95C7100AD2046 /* AFL 2 Mahadi Rafi Winata */,
			);
			name = Products;
			sourceTree = "<group>";
		};
		2A62062127E95C7100AD2046 /* AFL 2 Mahadi Rafi Winata */ = {
			isa = PBXGroup;
			children = (
				2A62062227E95C7100AD2046 /* main.swift */,
				2A374017280285510022A80B /* fnbMenu.swift */,
				2A37401928029DA60022A80B /* Cart.swift */,
				2A37401B2802A1A90022A80B /* orderCart.swift */,
			);
			path = "AFL 2 Mahadi Rafi Winata";
			sourceTree = "<group>";
		};
/* End PBXGroup section */

/* Begin PBXNativeTarget section */
		2A62061E27E95C7100AD2046 /* AFL 2 Mahadi Rafi Winata */ = {
			isa = PBXNativeTarget;
			buildConfigurationList = 2A62062627E95C7100AD2046 /* Build configuration list for PBXNativeTarget "AFL 2 Mahadi Rafi Winata" */;
			buildPhases = (
				2A62061B27E95C7100AD2046 /* Sources */,
				2A62061C27E95C7100AD2046 /* Frameworks */,
				2A62061D27E95C7100AD2046 /* CopyFiles */,
			);
			buildRules = (
			);
			dependencies = (
			);
			name = "AFL 2 Mahadi Rafi Winata";
			productName = "AFL 2 Mahadi Rafi Winata";
			productReference = 2A62061F27E95C7100AD2046 /* AFL 2 Mahadi Rafi Winata */;
			productType = "com.apple.product-type.tool";
		};
/* End PBXNativeTarget section */

/* Begin PBXProject section */
		2A62061727E95C7100AD2046 /* Project object */ = {
			isa = PBXProject;
			attributes = {
				BuildIndependentTargetsInParallel = 1;
				LastSwiftUpdateCheck = 1330;
				LastUpgradeCheck = 1330;
				TargetAttributes = {
					2A62061E27E95C7100AD2046 = {
						CreatedOnToolsVersion = 13.3;
					};
				};
			};
			buildConfigurationList = 2A62061A27E95C7100AD2046 /* Build configuration list for PBXProject "AFL 2 Mahadi Rafi Winata" */;
			compatibilityVersion = "Xcode 13.0";
			developmentRegion = en;
			hasScannedForEncodings = 0;
			knownRegions = (
				en,
				Base,
			);
			mainGroup = 2A62061627E95C7100AD2046;
			productRefGroup = 2A62062027E95C7100AD2046 /* Products */;
			projectDirPath = "";
			projectRoot = "";
			targets = (
				2A62061E27E95C7100AD2046 /* AFL 2 Mahadi Rafi Winata */,
			);
		};
/* End PBXProject section */

/* Begin PBXSourcesBuildPhase section */
		2A62061B27E95C7100AD2046 /* Sources */ = {
			isa = PBXSourcesBuildPhase;
			buildActionMask = 2147483647;
			files = (
				2A37401C2802A1A90022A80B /* orderCart.swift in Sources */,
				2A62062327E95C7100AD2046 /* main.swift in Sources */,
				2A37401A28029DA60022A80B /* Cart.swift in Sources */,
				2A374018280285510022A80B /* fnbMenu.swift in Sources */,
			);
			runOnlyForDeploymentPostprocessing = 0;
		};
/* End PBXSourcesBuildPhase section */

/* Begin XCBuildConfiguration section */
		2A62062427E95C7100AD2046 /* Debug */ = {
			isa = XCBuildConfiguration;
			buildSettings = {
				ALWAYS_SEARCH_USER_PATHS = NO;
				CLANG_ANALYZER_NONNULL = YES;
				CLANG_ANALYZER_NUMBER_OBJECT_CONVERSION = YES_AGGRESSIVE;
				CLANG_CXX_LANGUAGE_STANDARD = "gnu++17";
				CLANG_ENABLE_MODULES = YES;
				CLANG_ENABLE_OBJC_ARC = YES;
				CLANG_ENABLE_OBJC_WEAK = YES;
				CLANG_WARN_BLOCK_CAPTURE_AUTORELEASING = YES;
				CLANG_WARN_BOOL_CONVERSION = YES;
				CLANG_WARN_COMMA = YES;
				CLANG_WARN_CONSTANT_CONVERSION = YES;
				CLANG_WARN_DEPRECATED_OBJC_IMPLEMENTATIONS = YES;
				CLANG_WARN_DIRECT_OBJC_ISA_USAGE = YES_ERROR;
				CLANG_WARN_DOCUMENTATION_COMMENTS = YES;
				CLANG_WARN_EMPTY_BODY = YES;
				CLANG_WARN_ENUM_CONVERSION = YES;
				CLANG_WARN_INFINITE_RECURSION = YES;
				CLANG_WARN_INT_CONVERSION = YES;
				CLANG_WARN_NON_LITERAL_NULL_CONVERSION = YES;
				CLANG_WARN_OBJC_IMPLICIT_RETAIN_SELF = YES;
				CLANG_WARN_OBJC_LITERAL_CONVERSION = YES;
				CLANG_WARN_OBJC_ROOT_CLASS = YES_ERROR;
				CLANG_WARN_QUOTED_INCLUDE_IN_FRAMEWORK_HEADER = YES;
				CLANG_WARN_RANGE_LOOP_ANALYSIS = YES;
				CLANG_WARN_STRICT_PROTOTYPES = YES;
				CLANG_WARN_SUSPICIOUS_MOVE = YES;
				CLANG_WARN_UNGUARDED_AVAILABILITY = YES_AGGRESSIVE;
				CLANG_WARN_UNREACHABLE_CODE = YES;
				CLANG_WARN__DUPLICATE_METHOD_MATCH = YES;
				COPY_PHASE_STRIP = NO;
				DEBUG_INFORMATION_FORMAT = dwarf;
				ENABLE_STRICT_OBJC_MSGSEND = YES;
				ENABLE_TESTABILITY = YES;
				GCC_C_LANGUAGE_STANDARD = gnu11;
				GCC_DYNAMIC_NO_PIC = NO;
				GCC_NO_COMMON_BLOCKS = YES;
				GCC_OPTIMIZATION_LEVEL = 0;
				GCC_PREPROCESSOR_DEFINITIONS = (
					"DEBUG=1",
					"$(inherited)",
				);
				GCC_WARN_64_TO_32_BIT_CONVERSION = YES;
				GCC_WARN_ABOUT_RETURN_TYPE = YES_ERROR;
				GCC_WARN_UNDECLARED_SELECTOR = YES;
				GCC_WARN_UNINITIALIZED_AUTOS = YES_AGGRESSIVE;
				GCC_WARN_UNUSED_FUNCTION = YES;
				GCC_WARN_UNUSED_VARIABLE = YES;
				MACOSX_DEPLOYMENT_TARGET = 12.3;
				MTL_ENABLE_DEBUG_INFO = INCLUDE_SOURCE;
				MTL_FAST_MATH = YES;
				ONLY_ACTIVE_ARCH = YES;
				SDKROOT = macosx;
				SWIFT_ACTIVE_COMPILATION_CONDITIONS = DEBUG;
				SWIFT_OPTIMIZATION_LEVEL = "-Onone";
			};
			name = Debug;
		};
		2A62062527E95C7100AD2046 /* Release */ = {
			isa = XCBuildConfiguration;
			buildSettings = {
				ALWAYS_SEARCH_USER_PATHS = NO;
				CLANG_ANALYZER_NONNULL = YES;
				CLANG_ANALYZER_NUMBER_OBJECT_CONVERSION = YES_AGGRESSIVE;
				CLANG_CXX_LANGUAGE_STANDARD = "gnu++17";
				CLANG_ENABLE_MODULES = YES;
				CLANG_ENABLE_OBJC_ARC = YES;
				CLANG_ENABLE_OBJC_WEAK = YES;
				CLANG_WARN_BLOCK_CAPTURE_AUTORELEASING = YES;
				CLANG_WARN_BOOL_CONVERSION = YES;
				CLANG_WARN_COMMA = YES;
				CLANG_WARN_CONSTANT_CONVERSION = YES;
				CLANG_WARN_DEPRECATED_OBJC_IMPLEMENTATIONS = YES;
				CLANG_WARN_DIRECT_OBJC_ISA_USAGE = YES_ERROR;
				CLANG_WARN_DOCUMENTATION_COMMENTS = YES;
				CLANG_WARN_EMPTY_BODY = YES;
				CLANG_WARN_ENUM_CONVERSION = YES;
				CLANG_WARN_INFINITE_RECURSION = YES;
				CLANG_WARN_INT_CONVERSION = YES;
				CLANG_WARN_NON_LITERAL_NULL_CONVERSION = YES;
				CLANG_WARN_OBJC_IMPLICIT_RETAIN_SELF = YES;
				CLANG_WARN_OBJC_LITERAL_CONVERSION = YES;
				CLANG_WARN_OBJC_ROOT_CLASS = YES_ERROR;
				CLANG_WARN_QUOTED_INCLUDE_IN_FRAMEWORK_HEADER = YES;
				CLANG_WARN_RANGE_LOOP_ANALYSIS = YES;
				CLANG_WARN_STRICT_PROTOTYPES = YES;
				CLANG_WARN_SUSPICIOUS_MOVE = YES;
				CLANG_WARN_UNGUARDED_AVAILABILITY = YES_AGGRESSIVE;
				CLANG_WARN_UNREACHABLE_CODE = YES;
				CLANG_WARN__DUPLICATE_METHOD_MATCH = YES;
				COPY_PHASE_STRIP = NO;
				DEBUG_INFORMATION_FORMAT = "dwarf-with-dsym";
				ENABLE_NS_ASSERTIONS = NO;
				ENABLE_STRICT_OBJC_MSGSEND = YES;
				GCC_C_LANGUAGE_STANDARD = gnu11;
				GCC_NO_COMMON_BLOCKS = YES;
				GCC_WARN_64_TO_32_BIT_CONVERSION = YES;
				GCC_WARN_ABOUT_RETURN_TYPE = YES_ERROR;
				GCC_WARN_UNDECLARED_SELECTOR = YES;
				GCC_WARN_UNINITIALIZED_AUTOS = YES_AGGRESSIVE;
				GCC_WARN_UNUSED_FUNCTION = YES;
				GCC_WARN_UNUSED_VARIABLE = YES;
				MACOSX_DEPLOYMENT_TARGET = 12.3;
				MTL_ENABLE_DEBUG_INFO = NO;
				MTL_FAST_MATH = YES;
				SDKROOT = macosx;
				SWIFT_COMPILATION_MODE = wholemodule;
				SWIFT_OPTIMIZATION_LEVEL = "-O";
			};
			name = Release;
		};
		2A62062727E95C7100AD2046 /* Debug */ = {
			isa = XCBuildConfiguration;
			buildSettings = {
				CODE_SIGN_STYLE = Automatic;
				PRODUCT_NAME = "$(TARGET_NAME)";
				SWIFT_VERSION = 5.0;
			};
			name = Debug;
		};
		2A62062827E95C7100AD2046 /* Release */ = {
			isa = XCBuildConfiguration;
			buildSettings = {
				CODE_SIGN_STYLE = Automatic;
				PRODUCT_NAME = "$(TARGET_NAME)";
				SWIFT_VERSION = 5.0;
			};
			name = Release;
		};
/* End XCBuildConfiguration section */

/* Begin XCConfigurationList section */
		2A62061A27E95C7100AD2046 /* Build configuration list for PBXProject "AFL 2 Mahadi Rafi Winata" */ = {
			isa = XCConfigurationList;
			buildConfigurations = (
				2A62062427E95C7100AD2046 /* Debug */,
				2A62062527E95C7100AD2046 /* Release */,
			);
			defaultConfigurationIsVisible = 0;
			defaultConfigurationName = Release;
		};
		2A62062627E95C7100AD2046 /* Build configuration list for PBXNativeTarget "AFL 2 Mahadi Rafi Winata" */ = {
			isa = XCConfigurationList;
			buildConfigurations = (
				2A62062727E95C7100AD2046 /* Debug */,
				2A62062827E95C7100AD2046 /* Release */,
			);
			defaultConfigurationIsVisible = 0;
			defaultConfigurationName = Release;
		};
/* End XCConfigurationList section */
	};
	rootObject = 2A62061727E95C7100AD2046 /* Project object */;
}
